// !$*UTF8*$!
{
	archiveVersion = 1;
	classes = {
	};
	objectVersion = 77;
	objects = {

/* Begin PBXContainerItemProxy section */
		712A76B62C9B776400889A01 /* PBXContainerItemProxy */ = {
			isa = PBXContainerItemProxy;
			containerPortal = 712A76972C9B776200889A01 /* Project object */;
			proxyType = 1;
			remoteGlobalIDString = 712A769E2C9B776200889A01;
			remoteInfo = diceAPP18la;
		};
		712A76C02C9B776400889A01 /* PBXContainerItemProxy */ = {
			isa = PBXContainerItemProxy;
			containerPortal = 712A76972C9B776200889A01 /* Project object */;
			proxyType = 1;
			remoteGlobalIDString = 712A769E2C9B776200889A01;
			remoteInfo = diceAPP18la;
		};
/* End PBXContainerItemProxy section */

/* Begin PBXFileReference section */
		712A769F2C9B776200889A01 /* diceAPP18la.app */ = {isa = PBXFileReference; explicitFileType = wrapper.application; includeInIndex = 0; path = diceAPP18la.app; sourceTree = BUILT_PRODUCTS_DIR; };
		712A76B52C9B776400889A01 /* diceAPP18laTests.xctest */ = {isa = PBXFileReference; explicitFileType = wrapper.cfbundle; includeInIndex = 0; path = diceAPP18laTests.xctest; sourceTree = BUILT_PRODUCTS_DIR; };
		712A76BF2C9B776400889A01 /* diceAPP18laUITests.xctest */ = {isa = PBXFileReference; explicitFileType = wrapper.cfbundle; includeInIndex = 0; path = diceAPP18laUITests.xctest; sourceTree = BUILT_PRODUCTS_DIR; };
/* End PBXFileReference section */

/* Begin PBXFileSystemSynchronizedBuildFileExceptionSet section */
		712A76C72C9B776400889A01 /* Exceptions for "diceAPP18la" folder in "diceAPP18la" target */ = {
			isa = PBXFileSystemSynchronizedBuildFileExceptionSet;
			membershipExceptions = (
				Info.plist,
			);
			target = 712A769E2C9B776200889A01 /* diceAPP18la */;
		};
/* End PBXFileSystemSynchronizedBuildFileExceptionSet section */

/* Begin PBXFileSystemSynchronizedRootGroup section */
		712A76A12C9B776200889A01 /* diceAPP18la */ = {
			isa = PBXFileSystemSynchronizedRootGroup;
			exceptions = (
				712A76C72C9B776400889A01 /* Exceptions for "diceAPP18la" folder in "diceAPP18la" target */,
			);
			path = diceAPP18la;
			sourceTree = "<group>";
		};
		712A76B82C9B776400889A01 /* diceAPP18laTests */ = {
			isa = PBXFileSystemSynchronizedRootGroup;
			path = diceAPP18laTests;
			sourceTree = "<group>";
		};
		712A76C22C9B776400889A01 /* diceAPP18laUITests */ = {
			isa = PBXFileSystemSynchronizedRootGroup;
			path = diceAPP18laUITests;
			sourceTree = "<group>";
		};
/* End PBXFileSystemSynchronizedRootGroup section */

/* Begin PBXFrameworksBuildPhase section */
		712A769C2C9B776200889A01 /* Frameworks */ = {
			isa = PBXFrameworksBuildPhase;
			buildActionMask = 2147483647;
			files = (
			);
			runOnlyForDeploymentPostprocessing = 0;
		};
		712A76B22C9B776400889A01 /* Frameworks */ = {
			isa = PBXFrameworksBuildPhase;
			buildActionMask = 2147483647;
			files = (
			);
			runOnlyForDeploymentPostprocessing = 0;
		};
		712A76BC2C9B776400889A01 /* Frameworks */ = {
			isa = PBXFrameworksBuildPhase;
			buildActionMask = 2147483647;
			files = (
			);
			runOnlyForDeploymentPostprocessing = 0;
		};
/* End PBXFrameworksBuildPhase section */

/* Begin PBXGroup section */
		712A76962C9B776200889A01 = {
			isa = PBXGroup;
			children = (
				712A76A12C9B776200889A01 /* diceAPP18la */,
				712A76B82C9B776400889A01 /* diceAPP18laTests */,
				712A76C22C9B776400889A01 /* diceAPP18laUITests */,
				712A76A02C9B776200889A01 /* Products */,
			);
			sourceTree = "<group>";
		};
		712A76A02C9B776200889A01 /* Products */ = {
			isa = PBXGroup;
			children = (
				712A769F2C9B776200889A01 /* diceAPP18la.app */,
				712A76B52C9B776400889A01 /* diceAPP18laTests.xctest */,
				712A76BF2C9B776400889A01 /* diceAPP18laUITests.xctest */,
			);
			name = Products;
			sourceTree = "<group>";
		};
/* End PBXGroup section */

/* Begin PBXNativeTarget section */
		712A769E2C9B776200889A01 /* diceAPP18la */ = {
			isa = PBXNativeTarget;
			buildConfigurationList = 712A76C82C9B776400889A01 /* Build configuration list for PBXNativeTarget "diceAPP18la" */;
			buildPhases = (
				712A769B2C9B776200889A01 /* Sources */,
				712A769C2C9B776200889A01 /* Frameworks */,
				712A769D2C9B776200889A01 /* Resources */,
			);
			buildRules = (
			);
			dependencies = (
			);
			fileSystemSynchronizedGroups = (
				712A76A12C9B776200889A01 /* diceAPP18la */,
			);
			name = diceAPP18la;
			packageProductDependencies = (
			);
			productName = diceAPP18la;
			productReference = 712A769F2C9B776200889A01 /* diceAPP18la.app */;
			productType = "com.apple.product-type.application";
		};
		712A76B42C9B776400889A01 /* diceAPP18laTests */ = {
			isa = PBXNativeTarget;
			buildConfigurationList = 712A76CD2C9B776400889A01 /* Build configuration list for PBXNativeTarget "diceAPP18laTests" */;
			buildPhases = (
				712A76B12C9B776400889A01 /* Sources */,
				712A76B22C9B776400889A01 /* Frameworks */,
				712A76B32C9B776400889A01 /* Resources */,
			);
			buildRules = (
			);
			dependencies = (
				712A76B72C9B776400889A01 /* PBXTargetDependency */,
			);
			fileSystemSynchronizedGroups = (
				712A76B82C9B776400889A01 /* diceAPP18laTests */,
			);
			name = diceAPP18laTests;
			packageProductDependencies = (
			);
			productName = diceAPP18laTests;
			productReference = 712A76B52C9B776400889A01 /* diceAPP18laTests.xctest */;
			productType = "com.apple.product-type.bundle.unit-test";
		};
		712A76BE2C9B776400889A01 /* diceAPP18laUITests */ = {
			isa = PBXNativeTarget;
			buildConfigurationList = 712A76D02C9B776400889A01 /* Build configuration list for PBXNativeTarget "diceAPP18laUITests" */;
			buildPhases = (
				712A76BB2C9B776400889A01 /* Sources */,
				712A76BC2C9B776400889A01 /* Frameworks */,
				712A76BD2C9B776400889A01 /* Resources */,
			);
			buildRules = (
			);
			dependencies = (
				712A76C12C9B776400889A01 /* PBXTargetDependency */,
			);
			fileSystemSynchronizedGroups = (
				712A76C22C9B776400889A01 /* diceAPP18laUITests */,
			);
			name = diceAPP18laUITests;
			packageProductDependencies = (
			);
			productName = diceAPP18laUITests;
			productReference = 712A76BF2C9B776400889A01 /* diceAPP18laUITests.xctest */;
			productType = "com.apple.product-type.bundle.ui-testing";
		};
/* End PBXNativeTarget section */

/* Begin PBXProject section */
		712A76972C9B776200889A01 /* Project object */ = {
			isa = PBXProject;
			attributes = {
				BuildIndependentTargetsInParallel = 1;
				LastSwiftUpdateCheck = 1600;
				LastUpgradeCheck = 1600;
				TargetAttributes = {
					712A769E2C9B776200889A01 = {
						CreatedOnToolsVersion = 16.0;
					};
					712A76B42C9B776400889A01 = {
						CreatedOnToolsVersion = 16.0;
						TestTargetID = 712A769E2C9B776200889A01;
					};
					712A76BE2C9B776400889A01 = {
						CreatedOnToolsVersion = 16.0;
						TestTargetID = 712A769E2C9B776200889A01;
					};
				};
			};
			buildConfigurationList = 712A769A2C9B776200889A01 /* Build configuration list for PBXProject "diceAPP18la" */;
			developmentRegion = en;
			hasScannedForEncodings = 0;
			knownRegions = (
				en,
				Base,
			);
			mainGroup = 712A76962C9B776200889A01;
			minimizedProjectReferenceProxies = 1;
			preferredProjectObjectVersion = 77;
			productRefGroup = 712A76A02C9B776200889A01 /* Products */;
			projectDirPath = "";
			projectRoot = "";
			targets = (
				712A769E2C9B776200889A01 /* diceAPP18la */,
				712A76B42C9B776400889A01 /* diceAPP18laTests */,
				712A76BE2C9B776400889A01 /* diceAPP18laUITests */,
			);
		};
/* End PBXProject section */

/* Begin PBXResourcesBuildPhase section */
		712A769D2C9B776200889A01 /* Resources */ = {
			isa = PBXResourcesBuildPhase;
			buildActionMask = 2147483647;
			files = (
			);
			runOnlyForDeploymentPostprocessing = 0;
		};
		712A76B32C9B776400889A01 /* Resources */ = {
			isa = PBXResourcesBuildPhase;
			buildActionMask = 2147483647;
			files = (
			);
			runOnlyForDeploymentPostprocessing = 0;
		};
		712A76BD2C9B776400889A01 /* Resources */ = {
			isa = PBXResourcesBuildPhase;
			buildActionMask = 2147483647;
			files = (
			);
			runOnlyForDeploymentPostprocessing = 0;
		};
/* End PBXResourcesBuildPhase section */

/* Begin PBXSourcesBuildPhase section */
		712A769B2C9B776200889A01 /* Sources */ = {
			isa = PBXSourcesBuildPhase;
			buildActionMask = 2147483647;
			files = (
			);
			runOnlyForDeploymentPostprocessing = 0;
		};
		712A76B12C9B776400889A01 /* Sources */ = {
			isa = PBXSourcesBuildPhase;
			buildActionMask = 2147483647;
			files = (
			);
			runOnlyForDeploymentPostprocessing = 0;
		};
		712A76BB2C9B776400889A01 /* Sources */ = {
			isa = PBXSourcesBuildPhase;
			buildActionMask = 2147483647;
			files = (
			);
			runOnlyForDeploymentPostprocessing = 0;
		};
/* End PBXSourcesBuildPhase section */

/* Begin PBXTargetDependency section */
		712A76B72C9B776400889A01 /* PBXTargetDependency */ = {
			isa = PBXTargetDependency;
			target = 712A769E2C9B776200889A01 /* diceAPP18la */;
			targetProxy = 712A76B62C9B776400889A01 /* PBXContainerItemProxy */;
		};
		712A76C12C9B776400889A01 /* PBXTargetDependency */ = {
			isa = PBXTargetDependency;
			target = 712A769E2C9B776200889A01 /* diceAPP18la */;
			targetProxy = 712A76C02C9B776400889A01 /* PBXContainerItemProxy */;
		};
/* End PBXTargetDependency section */

/* Begin XCBuildConfiguration section */
		712A76C92C9B776400889A01 /* Debug */ = {
			isa = XCBuildConfiguration;
			buildSettings = {
				ASSETCATALOG_COMPILER_APPICON_NAME = AppIcon;
				ASSETCATALOG_COMPILER_GLOBAL_ACCENT_COLOR_NAME = AccentColor;
				CODE_SIGN_STYLE = Automatic;
				CURRENT_PROJECT_VERSION = 1;
				GENERATE_INFOPLIST_FILE = YES;
				INFOPLIST_FILE = diceAPP18la/Info.plist;
				INFOPLIST_KEY_UIApplicationSupportsIndirectInputEvents = YES;
				INFOPLIST_KEY_UILaunchStoryboardName = LaunchScreen;
				INFOPLIST_KEY_UIMainStoryboardFile = Main;
				INFOPLIST_KEY_UISupportedInterfaceOrientations_iPad = "UIInterfaceOrientationPortrait UIInterfaceOrientationPortraitUpsideDown UIInterfaceOrientationLandscapeLeft UIInterfaceOrientationLandscapeRight";
				INFOPLIST_KEY_UISupportedInterfaceOrientations_iPhone = "UIInterfaceOrientationPortrait UIInterfaceOrientationLandscapeLeft UIInterfaceOrientationLandscapeRight";
				LD_RUNPATH_SEARCH_PATHS = (
					"$(inherited)",
					"@executable_path/Frameworks",
				);
				MARKETING_VERSION = 1.0;
				PRODUCT_BUNDLE_IDENTIFIER = psp.diceAPP18la;
				PRODUCT_NAME = "$(TARGET_NAME)";
				SWIFT_EMIT_LOC_STRINGS = YES;
				SWIFT_VERSION = 5.0;
				TARGETED_DEVICE_FAMILY = "1,2";
			};
			name = Debug;
		};
		712A76CA2C9B776400889A01 /* Release */ = {
			isa = XCBuildConfiguration;
			buildSettings = {
				ASSETCATALOG_COMPILER_APPICON_NAME = AppIcon;
				ASSETCATALOG_COMPILER_GLOBAL_ACCENT_COLOR_NAME = AccentColor;
				CODE_SIGN_STYLE = Automatic;
				CURRENT_PROJECT_VERSION = 1;
				GENERATE_INFOPLIST_FILE = YES;
				INFOPLIST_FILE = diceAPP18la/Info.plist;
				INFOPLIST_KEY_UIApplicationSupportsIndirectInputEvents = YES;
				INFOPLIST_KEY_UILaunchStoryboardName = LaunchScreen;
				INFOPLIST_KEY_UIMainStoryboardFile = Main;
				INFOPLIST_KEY_UISupportedInterfaceOrientations_iPad = "UIInterfaceOrientationPortrait UIInterfaceOrientationPortraitUpsideDown UIInterfaceOrientationLandscapeLeft UIInterfaceOrientationLandscapeRight";
				INFOPLIST_KEY_UISupportedInterfaceOrientations_iPhone = "UIInterfaceOrientationPortrait UIInterfaceOrientationLandscapeLeft UIInterfaceOrientationLandscapeRight";
				LD_RUNPATH_SEARCH_PATHS = (
					"$(inherited)",
					"@executable_path/Frameworks",
				);
				MARKETING_VERSION = 1.0;
				PRODUCT_BUNDLE_IDENTIFIER = psp.diceAPP18la;
				PRODUCT_NAME = "$(TARGET_NAME)";
				SWIFT_EMIT_LOC_STRINGS = YES;
				SWIFT_VERSION = 5.0;
				TARGETED_DEVICE_FAMILY = "1,2";
			};
			name = Release;
		};
		712A76CB2C9B776400889A01 /* Debug */ = {
			isa = XCBuildConfiguration;
			buildSettings = {
				ALWAYS_SEARCH_USER_PATHS = NO;
				ASSETCATALOG_COMPILER_GENERATE_SWIFT_ASSET_SYMBOL_EXTENSIONS = YES;
				CLANG_ANALYZER_NONNULL = YES;
				CLANG_ANALYZER_NUMBER_OBJECT_CONVERSION = YES_AGGRESSIVE;
				CLANG_CXX_LANGUAGE_STANDARD = "gnu++20";
				CLANG_ENABLE_MODULES = YES;
				CLANG_ENABLE_OBJC_ARC = YES;
				CLANG_ENABLE_OBJC_WEAK = YES;
				CLANG_WARN_BLOCK_CAPTURE_AUTORELEASING = YES;
				CLANG_WARN_BOOL_CONVERSION = YES;
				CLANG_WARN_COMMA = YES;
				CLANG_WARN_CONSTANT_CONVERSION = YES;
				CLANG_WARN_DEPRECATED_OBJC_IMPLEMENTATIONS = YES;
				CLANG_WARN_DIRECT_OBJC_ISA_USAGE = YES_ERROR;
				CLANG_WARN_DOCUMENTATION_COMMENTS = YES;
				CLANG_WARN_EMPTY_BODY = YES;
				CLANG_WARN_ENUM_CONVERSION = YES;
				CLANG_WARN_INFINITE_RECURSION = YES;
				CLANG_WARN_INT_CONVERSION = YES;
				CLANG_WARN_NON_LITERAL_NULL_CONVERSION = YES;
				CLANG_WARN_OBJC_IMPLICIT_RETAIN_SELF = YES;
				CLANG_WARN_OBJC_LITERAL_CONVERSION = YES;
				CLANG_WARN_OBJC_ROOT_CLASS = YES_ERROR;
				CLANG_WARN_QUOTED_INCLUDE_IN_FRAMEWORK_HEADER = YES;
				CLANG_WARN_RANGE_LOOP_ANALYSIS = YES;
				CLANG_WARN_STRICT_PROTOTYPES = YES;
				CLANG_WARN_SUSPICIOUS_MOVE = YES;
				CLANG_WARN_UNGUARDED_AVAILABILITY = YES_AGGRESSIVE;
				CLANG_WARN_UNREACHABLE_CODE = YES;
				CLANG_WARN__DUPLICATE_METHOD_MATCH = YES;
				COPY_PHASE_STRIP = NO;
				DEBUG_INFORMATION_FORMAT = dwarf;
				ENABLE_STRICT_OBJC_MSGSEND = YES;
				ENABLE_TESTABILITY = YES;
				ENABLE_USER_SCRIPT_SANDBOXING = YES;
				GCC_C_LANGUAGE_STANDARD = gnu17;
				GCC_DYNAMIC_NO_PIC = NO;
				GCC_NO_COMMON_BLOCKS = YES;
				GCC_OPTIMIZATION_LEVEL = 0;
				GCC_PREPROCESSOR_DEFINITIONS = (
					"DEBUG=1",
					"$(inherited)",
				);
				GCC_WARN_64_TO_32_BIT_CONVERSION = YES;
				GCC_WARN_ABOUT_RETURN_TYPE = YES_ERROR;
				GCC_WARN_UNDECLARED_SELECTOR = YES;
				GCC_WARN_UNINITIALIZED_AUTOS = YES_AGGRESSIVE;
				GCC_WARN_UNUSED_FUNCTION = YES;
				GCC_WARN_UNUSED_VARIABLE = YES;
				IPHONEOS_DEPLOYMENT_TARGET = 18.0;
				LOCALIZATION_PREFERS_STRING_CATALOGS = YES;
				MTL_ENABLE_DEBUG_INFO = INCLUDE_SOURCE;
				MTL_FAST_MATH = YES;
				ONLY_ACTIVE_ARCH = YES;
				SDKROOT = iphoneos;
				SWIFT_ACTIVE_COMPILATION_CONDITIONS = "DEBUG $(inherited)";
				SWIFT_OPTIMIZATION_LEVEL = "-Onone";
			};
			name = Debug;
		};
		712A76CC2C9B776400889A01 /* Release */ = {
			isa = XCBuildConfiguration;
			buildSettings = {
				ALWAYS_SEARCH_USER_PATHS = NO;
				ASSETCATALOG_COMPILER_GENERATE_SWIFT_ASSET_SYMBOL_EXTENSIONS = YES;
				CLANG_ANALYZER_NONNULL = YES;
				CLANG_ANALYZER_NUMBER_OBJECT_CONVERSION = YES_AGGRESSIVE;
				CLANG_CXX_LANGUAGE_STANDARD = "gnu++20";
				CLANG_ENABLE_MODULES = YES;
				CLANG_ENABLE_OBJC_ARC = YES;
				CLANG_ENABLE_OBJC_WEAK = YES;
				CLANG_WARN_BLOCK_CAPTURE_AUTORELEASING = YES;
				CLANG_WARN_BOOL_CONVERSION = YES;
				CLANG_WARN_COMMA = YES;
				CLANG_WARN_CONSTANT_CONVERSION = YES;
				CLANG_WARN_DEPRECATED_OBJC_IMPLEMENTATIONS = YES;
				CLANG_WARN_DIRECT_OBJC_ISA_USAGE = YES_ERROR;
				CLANG_WARN_DOCUMENTATION_COMMENTS = YES;
				CLANG_WARN_EMPTY_BODY = YES;
				CLANG_WARN_ENUM_CONVERSION = YES;
				CLANG_WARN_INFINITE_RECURSION = YES;
				CLANG_WARN_INT_CONVERSION = YES;
				CLANG_WARN_NON_LITERAL_NULL_CONVERSION = YES;
				CLANG_WARN_OBJC_IMPLICIT_RETAIN_SELF = YES;
				CLANG_WARN_OBJC_LITERAL_CONVERSION = YES;
				CLANG_WARN_OBJC_ROOT_CLASS = YES_ERROR;
				CLANG_WARN_QUOTED_INCLUDE_IN_FRAMEWORK_HEADER = YES;
				CLANG_WARN_RANGE_LOOP_ANALYSIS = YES;
				CLANG_WARN_STRICT_PROTOTYPES = YES;
				CLANG_WARN_SUSPICIOUS_MOVE = YES;
				CLANG_WARN_UNGUARDED_AVAILABILITY = YES_AGGRESSIVE;
				CLANG_WARN_UNREACHABLE_CODE = YES;
				CLANG_WARN__DUPLICATE_METHOD_MATCH = YES;
				COPY_PHASE_STRIP = NO;
				DEBUG_INFORMATION_FORMAT = "dwarf-with-dsym";
				ENABLE_NS_ASSERTIONS = NO;
				ENABLE_STRICT_OBJC_MSGSEND = YES;
				ENABLE_USER_SCRIPT_SANDBOXING = YES;
				GCC_C_LANGUAGE_STANDARD = gnu17;
				GCC_NO_COMMON_BLOCKS = YES;
				GCC_WARN_64_TO_32_BIT_CONVERSION = YES;
				GCC_WARN_ABOUT_RETURN_TYPE = YES_ERROR;
				GCC_WARN_UNDECLARED_SELECTOR = YES;
				GCC_WARN_UNINITIALIZED_AUTOS = YES_AGGRESSIVE;
				GCC_WARN_UNUSED_FUNCTION = YES;
				GCC_WARN_UNUSED_VARIABLE = YES;
				IPHONEOS_DEPLOYMENT_TARGET = 18.0;
				LOCALIZATION_PREFERS_STRING_CATALOGS = YES;
				MTL_ENABLE_DEBUG_INFO = NO;
				MTL_FAST_MATH = YES;
				SDKROOT = iphoneos;
				SWIFT_COMPILATION_MODE = wholemodule;
				VALIDATE_PRODUCT = YES;
			};
			name = Release;
		};
		712A76CE2C9B776400889A01 /* Debug */ = {
			isa = XCBuildConfiguration;
			buildSettings = {
				BUNDLE_LOADER = "$(TEST_HOST)";
				CODE_SIGN_STYLE = Automatic;
				CURRENT_PROJECT_VERSION = 1;
				GENERATE_INFOPLIST_FILE = YES;
				IPHONEOS_DEPLOYMENT_TARGET = 18.0;
				MARKETING_VERSION = 1.0;
				PRODUCT_BUNDLE_IDENTIFIER = psp.diceAPP18laTests;
				PRODUCT_NAME = "$(TARGET_NAME)";
				SWIFT_EMIT_LOC_STRINGS = NO;
				SWIFT_VERSION = 5.0;
				TARGETED_DEVICE_FAMILY = "1,2";
				TEST_HOST = "$(BUILT_PRODUCTS_DIR)/diceAPP18la.app/$(BUNDLE_EXECUTABLE_FOLDER_PATH)/diceAPP18la";
			};
			name = Debug;
		};
		712A76CF2C9B776400889A01 /* Release */ = {
			isa = XCBuildConfiguration;
			buildSettings = {
				BUNDLE_LOADER = "$(TEST_HOST)";
				CODE_SIGN_STYLE = Automatic;
				CURRENT_PROJECT_VERSION = 1;
				GENERATE_INFOPLIST_FILE = YES;
				IPHONEOS_DEPLOYMENT_TARGET = 18.0;
				MARKETING_VERSION = 1.0;
				PRODUCT_BUNDLE_IDENTIFIER = psp.diceAPP18laTests;
				PRODUCT_NAME = "$(TARGET_NAME)";
				SWIFT_EMIT_LOC_STRINGS = NO;
				SWIFT_VERSION = 5.0;
				TARGETED_DEVICE_FAMILY = "1,2";
				TEST_HOST = "$(BUILT_PRODUCTS_DIR)/diceAPP18la.app/$(BUNDLE_EXECUTABLE_FOLDER_PATH)/diceAPP18la";
			};
			name = Release;
		};
		712A76D12C9B776400889A01 /* Debug */ = {
			isa = XCBuildConfiguration;
			buildSettings = {
				CODE_SIGN_STYLE = Automatic;
				CURRENT_PROJECT_VERSION = 1;
				GENERATE_INFOPLIST_FILE = YES;
				MARKETING_VERSION = 1.0;
				PRODUCT_BUNDLE_IDENTIFIER = psp.diceAPP18laUITests;
				PRODUCT_NAME = "$(TARGET_NAME)";
				SWIFT_EMIT_LOC_STRINGS = NO;
				SWIFT_VERSION = 5.0;
				TARGETED_DEVICE_FAMILY = "1,2";
				TEST_TARGET_NAME = diceAPP18la;
			};
			name = Debug;
		};
		712A76D22C9B776400889A01 /* Release */ = {
			isa = XCBuildConfiguration;
			buildSettings = {
				CODE_SIGN_STYLE = Automatic;
				CURRENT_PROJECT_VERSION = 1;
				GENERATE_INFOPLIST_FILE = YES;
				MARKETING_VERSION = 1.0;
				PRODUCT_BUNDLE_IDENTIFIER = psp.diceAPP18laUITests;
				PRODUCT_NAME = "$(TARGET_NAME)";
				SWIFT_EMIT_LOC_STRINGS = NO;
				SWIFT_VERSION = 5.0;
				TARGETED_DEVICE_FAMILY = "1,2";
				TEST_TARGET_NAME = diceAPP18la;
			};
			name = Release;
		};
/* End XCBuildConfiguration section */

/* Begin XCConfigurationList section */
		712A769A2C9B776200889A01 /* Build configuration list for PBXProject "diceAPP18la" */ = {
			isa = XCConfigurationList;
			buildConfigurations = (
				712A76CB2C9B776400889A01 /* Debug */,
				712A76CC2C9B776400889A01 /* Release */,
			);
			defaultConfigurationIsVisible = 0;
			defaultConfigurationName = Release;
		};
		712A76C82C9B776400889A01 /* Build configuration list for PBXNativeTarget "diceAPP18la" */ = {
			isa = XCConfigurationList;
			buildConfigurations = (
				712A76C92C9B776400889A01 /* Debug */,
				712A76CA2C9B776400889A01 /* Release */,
			);
			defaultConfigurationIsVisible = 0;
			defaultConfigurationName = Release;
		};
		712A76CD2C9B776400889A01 /* Build configuration list for PBXNativeTarget "diceAPP18laTests" */ = {
			isa = XCConfigurationList;
			buildConfigurations = (
				712A76CE2C9B776400889A01 /* Debug */,
				712A76CF2C9B776400889A01 /* Release */,
			);
			defaultConfigurationIsVisible = 0;
			defaultConfigurationName = Release;
		};
		712A76D02C9B776400889A01 /* Build configuration list for PBXNativeTarget "diceAPP18laUITests" */ = {
			isa = XCConfigurationList;
			buildConfigurations = (
				712A76D12C9B776400889A01 /* Debug */,
				712A76D22C9B776400889A01 /* Release */,
			);
			defaultConfigurationIsVisible = 0;
			defaultConfigurationName = Release;
		};
/* End XCConfigurationList section */
	};
	rootObject = 712A76972C9B776200889A01 /* Project object */;
}
